
Microsoft Visual Studio Solution File, Format Version 12.00
# Visual Studio Version 17
VisualStudioVersion = 17.6.33829.357
MinimumVisualStudioVersion = 10.0.40219.1
Project("{8BC9CEB8-8B4A-11D0-8D11-00A0C91BC942}") = "EchoClient", "EchoClient\EchoClient.vcxproj", "{3390406F-F08C-4005-B67C-8B1880874E18}"
EndProject
Project("{8BC9CEB8-8B4A-11D0-8D11-00A0C91BC942}") = "EchoServer", "EchoServer\EchoServer.vcxproj", "{2B951839-3425-4BE0-AC46-39EE2B1CB248}"
EndProject
Project("{8BC9CEB8-8B4A-11D0-8D11-00A0C91BC942}") = "EcoClientAsync", "EcoClientAsync\EcoClientAsync.vcxproj", "{80635DBB-FC0C-4DEA-A6C6-E1C193435C4F}"
EndProject
Project("{8BC9CEB8-8B4A-11D0-8D11-00A0C91BC942}") = "EchoServerAsync", "EchoServerAsync\EchoServerAsync.vcxproj", "{C50AF6A1-8B50-4330-8C89-57E26FAE001A}"
EndProject
Project("{8BC9CEB8-8B4A-11D0-8D11-00A0C91BC942}") = "ChatClient", "ChatClient\ChatClient.vcxproj", "{04C63915-4E78-46D0-AB0C-BE69AEA2E94F}"
EndProject
Project("{8BC9CEB8-8B4A-11D0-8D11-00A0C91BC942}") = "ChatServer", "ChatServer\ChatServer.vcxproj", "{B163D11F-DAE7-4B78-9588-B652973D0DDC}"
EndProject
Project("{8BC9CEB8-8B4A-11D0-8D11-00A0C91BC942}") = "Strand", "Strand\Strand.vcxproj", "{141295E2-73B4-4348-B008-416E9D9434D2}"
EndProject
Project("{2150E333-8FDC-42A3-9474-1A3956D46DE8}") = "2주차", "2주차", "{9B0BEFF8-356D-4913-AB9E-0B6CADBA9597}"
EndProject
Project("{2150E333-8FDC-42A3-9474-1A3956D46DE8}") = "1주차", "1주차", "{5CC9DDEF-9C4F-4CAB-A666-EB76FB72B23D}"
EndProject
Project("{2150E333-8FDC-42A3-9474-1A3956D46DE8}") = "3주차", "3주차", "{5935CF44-999E-45D7-8687-4296EEE0FC71}"
EndProject
Project("{8BC9CEB8-8B4A-11D0-8D11-00A0C91BC942}") = "ProtoBuf", "ProtoBuf\ProtoBuf.vcxproj", "{AAC2655E-7923-4DEC-945D-791DB4C0A7A4}"
EndProject
Project("{8BC9CEB8-8B4A-11D0-8D11-00A0C91BC942}") = "ChatServerWithProto", "ChatServerWithProto\ChatServerWithProto.vcxproj", "{FFA974D2-FA5F-4DA3-BEC7-D1A865113BE8}"
EndProject
Global
	GlobalSection(SolutionConfigurationPlatforms) = preSolution
		Debug|x64 = Debug|x64
		Debug|x86 = Debug|x86
		Release|x64 = Release|x64
		Release|x86 = Release|x86
	EndGlobalSection
	GlobalSection(ProjectConfigurationPlatforms) = postSolution
		{3390406F-F08C-4005-B67C-8B1880874E18}.Debug|x64.ActiveCfg = Debug|x64
		{3390406F-F08C-4005-B67C-8B1880874E18}.Debug|x64.Build.0 = Debug|x64
		{3390406F-F08C-4005-B67C-8B1880874E18}.Debug|x86.ActiveCfg = Debug|Win32
		{3390406F-F08C-4005-B67C-8B1880874E18}.Debug|x86.Build.0 = Debug|Win32
		{3390406F-F08C-4005-B67C-8B1880874E18}.Release|x64.ActiveCfg = Release|x64
		{3390406F-F08C-4005-B67C-8B1880874E18}.Release|x64.Build.0 = Release|x64
		{3390406F-F08C-4005-B67C-8B1880874E18}.Release|x86.ActiveCfg = Release|Win32
		{3390406F-F08C-4005-B67C-8B1880874E18}.Release|x86.Build.0 = Release|Win32
		{2B951839-3425-4BE0-AC46-39EE2B1CB248}.Debug|x64.ActiveCfg = Debug|x64
		{2B951839-3425-4BE0-AC46-39EE2B1CB248}.Debug|x64.Build.0 = Debug|x64
		{2B951839-3425-4BE0-AC46-39EE2B1CB248}.Debug|x86.ActiveCfg = Debug|Win32
		{2B951839-3425-4BE0-AC46-39EE2B1CB248}.Debug|x86.Build.0 = Debug|Win32
		{2B951839-3425-4BE0-AC46-39EE2B1CB248}.Release|x64.ActiveCfg = Release|x64
		{2B951839-3425-4BE0-AC46-39EE2B1CB248}.Release|x64.Build.0 = Release|x64
		{2B951839-3425-4BE0-AC46-39EE2B1CB248}.Release|x86.ActiveCfg = Release|Win32
		{2B951839-3425-4BE0-AC46-39EE2B1CB248}.Release|x86.Build.0 = Release|Win32
		{80635DBB-FC0C-4DEA-A6C6-E1C193435C4F}.Debug|x64.ActiveCfg = Debug|x64
		{80635DBB-FC0C-4DEA-A6C6-E1C193435C4F}.Debug|x64.Build.0 = Debug|x64
		{80635DBB-FC0C-4DEA-A6C6-E1C193435C4F}.Debug|x86.ActiveCfg = Debug|Win32
		{80635DBB-FC0C-4DEA-A6C6-E1C193435C4F}.Debug|x86.Build.0 = Debug|Win32
		{80635DBB-FC0C-4DEA-A6C6-E1C193435C4F}.Release|x64.ActiveCfg = Release|x64
		{80635DBB-FC0C-4DEA-A6C6-E1C193435C4F}.Release|x64.Build.0 = Release|x64
		{80635DBB-FC0C-4DEA-A6C6-E1C193435C4F}.Release|x86.ActiveCfg = Release|Win32
		{80635DBB-FC0C-4DEA-A6C6-E1C193435C4F}.Release|x86.Build.0 = Release|Win32
		{C50AF6A1-8B50-4330-8C89-57E26FAE001A}.Debug|x64.ActiveCfg = Debug|x64
		{C50AF6A1-8B50-4330-8C89-57E26FAE001A}.Debug|x64.Build.0 = Debug|x64
		{C50AF6A1-8B50-4330-8C89-57E26FAE001A}.Debug|x86.ActiveCfg = Debug|Win32
		{C50AF6A1-8B50-4330-8C89-57E26FAE001A}.Debug|x86.Build.0 = Debug|Win32
		{C50AF6A1-8B50-4330-8C89-57E26FAE001A}.Release|x64.ActiveCfg = Release|x64
		{C50AF6A1-8B50-4330-8C89-57E26FAE001A}.Release|x64.Build.0 = Release|x64
		{C50AF6A1-8B50-4330-8C89-57E26FAE001A}.Release|x86.ActiveCfg = Release|Win32
		{C50AF6A1-8B50-4330-8C89-57E26FAE001A}.Release|x86.Build.0 = Release|Win32
		{04C63915-4E78-46D0-AB0C-BE69AEA2E94F}.Debug|x64.ActiveCfg = Debug|x64
		{04C63915-4E78-46D0-AB0C-BE69AEA2E94F}.Debug|x64.Build.0 = Debug|x64
		{04C63915-4E78-46D0-AB0C-BE69AEA2E94F}.Debug|x86.ActiveCfg = Debug|Win32
		{04C63915-4E78-46D0-AB0C-BE69AEA2E94F}.Debug|x86.Build.0 = Debug|Win32
		{04C63915-4E78-46D0-AB0C-BE69AEA2E94F}.Release|x64.ActiveCfg = Release|x64
		{04C63915-4E78-46D0-AB0C-BE69AEA2E94F}.Release|x64.Build.0 = Release|x64
		{04C63915-4E78-46D0-AB0C-BE69AEA2E94F}.Release|x86.ActiveCfg = Release|Win32
		{04C63915-4E78-46D0-AB0C-BE69AEA2E94F}.Release|x86.Build.0 = Release|Win32
		{B163D11F-DAE7-4B78-9588-B652973D0DDC}.Debug|x64.ActiveCfg = Debug|x64
		{B163D11F-DAE7-4B78-9588-B652973D0DDC}.Debug|x64.Build.0 = Debug|x64
		{B163D11F-DAE7-4B78-9588-B652973D0DDC}.Debug|x86.ActiveCfg = Debug|Win32
		{B163D11F-DAE7-4B78-9588-B652973D0DDC}.Debug|x86.Build.0 = Debug|Win32
		{B163D11F-DAE7-4B78-9588-B652973D0DDC}.Release|x64.ActiveCfg = Release|x64
		{B163D11F-DAE7-4B78-9588-B652973D0DDC}.Release|x64.Build.0 = Release|x64
		{B163D11F-DAE7-4B78-9588-B652973D0DDC}.Release|x86.ActiveCfg = Release|Win32
		{B163D11F-DAE7-4B78-9588-B652973D0DDC}.Release|x86.Build.0 = Release|Win32
		{141295E2-73B4-4348-B008-416E9D9434D2}.Debug|x64.ActiveCfg = Debug|x64
		{141295E2-73B4-4348-B008-416E9D9434D2}.Debug|x64.Build.0 = Debug|x64
		{141295E2-73B4-4348-B008-416E9D9434D2}.Debug|x86.ActiveCfg = Debug|Win32
		{141295E2-73B4-4348-B008-416E9D9434D2}.Debug|x86.Build.0 = Debug|Win32
		{141295E2-73B4-4348-B008-416E9D9434D2}.Release|x64.ActiveCfg = Release|x64
		{141295E2-73B4-4348-B008-416E9D9434D2}.Release|x64.Build.0 = Release|x64
		{141295E2-73B4-4348-B008-416E9D9434D2}.Release|x86.ActiveCfg = Release|Win32
		{141295E2-73B4-4348-B008-416E9D9434D2}.Release|x86.Build.0 = Release|Win32
		{AAC2655E-7923-4DEC-945D-791DB4C0A7A4}.Debug|x64.ActiveCfg = Debug|x64
		{AAC2655E-7923-4DEC-945D-791DB4C0A7A4}.Debug|x64.Build.0 = Debug|x64
		{AAC2655E-7923-4DEC-945D-791DB4C0A7A4}.Debug|x86.ActiveCfg = Debug|Win32
		{AAC2655E-7923-4DEC-945D-791DB4C0A7A4}.Debug|x86.Build.0 = Debug|Win32
		{AAC2655E-7923-4DEC-945D-791DB4C0A7A4}.Release|x64.ActiveCfg = Release|x64
		{AAC2655E-7923-4DEC-945D-791DB4C0A7A4}.Release|x64.Build.0 = Release|x64
		{AAC2655E-7923-4DEC-945D-791DB4C0A7A4}.Release|x86.ActiveCfg = Release|Win32
		{AAC2655E-7923-4DEC-945D-791DB4C0A7A4}.Release|x86.Build.0 = Release|Win32
		{FFA974D2-FA5F-4DA3-BEC7-D1A865113BE8}.Debug|x64.ActiveCfg = Debug|x64
		{FFA974D2-FA5F-4DA3-BEC7-D1A865113BE8}.Debug|x64.Build.0 = Debug|x64
		{FFA974D2-FA5F-4DA3-BEC7-D1A865113BE8}.Debug|x86.ActiveCfg = Debug|Win32
		{FFA974D2-FA5F-4DA3-BEC7-D1A865113BE8}.Debug|x86.Build.0 = Debug|Win32
		{FFA974D2-FA5F-4DA3-BEC7-D1A865113BE8}.Release|x64.ActiveCfg = Release|x64
		{FFA974D2-FA5F-4DA3-BEC7-D1A865113BE8}.Release|x64.Build.0 = Release|x64
		{FFA974D2-FA5F-4DA3-BEC7-D1A865113BE8}.Release|x86.ActiveCfg = Release|Win32
		{FFA974D2-FA5F-4DA3-BEC7-D1A865113BE8}.Release|x86.Build.0 = Release|Win32
	EndGlobalSection
	GlobalSection(SolutionProperties) = preSolution
		HideSolutionNode = FALSE
	EndGlobalSection
	GlobalSection(NestedProjects) = preSolution
		{3390406F-F08C-4005-B67C-8B1880874E18} = {5CC9DDEF-9C4F-4CAB-A666-EB76FB72B23D}
		{2B951839-3425-4BE0-AC46-39EE2B1CB248} = {5CC9DDEF-9C4F-4CAB-A666-EB76FB72B23D}
		{80635DBB-FC0C-4DEA-A6C6-E1C193435C4F} = {5CC9DDEF-9C4F-4CAB-A666-EB76FB72B23D}
		{C50AF6A1-8B50-4330-8C89-57E26FAE001A} = {5CC9DDEF-9C4F-4CAB-A666-EB76FB72B23D}
		{04C63915-4E78-46D0-AB0C-BE69AEA2E94F} = {9B0BEFF8-356D-4913-AB9E-0B6CADBA9597}
		{B163D11F-DAE7-4B78-9588-B652973D0DDC} = {9B0BEFF8-356D-4913-AB9E-0B6CADBA9597}
		{141295E2-73B4-4348-B008-416E9D9434D2} = {9B0BEFF8-356D-4913-AB9E-0B6CADBA9597}
		{AAC2655E-7923-4DEC-945D-791DB4C0A7A4} = {5935CF44-999E-45D7-8687-4296EEE0FC71}
		{FFA974D2-FA5F-4DA3-BEC7-D1A865113BE8} = {5935CF44-999E-45D7-8687-4296EEE0FC71}
	EndGlobalSection
	GlobalSection(ExtensibilityGlobals) = postSolution
		SolutionGuid = {50E91A88-8D56-4CA5-81AE-990D6D7EB319}
	EndGlobalSection
EndGlobal
